
Microsoft Visual Studio Solution File, Format Version 12.00
# Visual Studio 14
VisualStudioVersion = 14.0.25420.1
MinimumVisualStudioVersion = 10.0.40219.1
Project("{8BC9CEB8-8B4A-11D0-8D11-00A0C91BC942}") = "windows_1", "windows_1\windows_1.vcxproj", "{D4DC44DF-D2CD-4CCF-98E4-83BA0C7CD07B}"
EndProject
Project("{8BC9CEB8-8B4A-11D0-8D11-00A0C91BC942}") = "command_line", "test_program\test_program.vcxproj", "{075BC2E2-3698-491F-957A-44EEED49BD11}"
EndProject
Project("{8BC9CEB8-8B4A-11D0-8D11-00A0C91BC942}") = "environmental_variables", "command_line_01\command_line_01.vcxproj", "{66F46A8D-B0DC-444B-BBDE-BFFE25EC159B}"
EndProject
Project("{8BC9CEB8-8B4A-11D0-8D11-00A0C91BC942}") = "read_file", "create_file\create_file.vcxproj", "{2559E74C-491C-40C2-AD73-0418FA5649D8}"
EndProject
Project("{8BC9CEB8-8B4A-11D0-8D11-00A0C91BC942}") = "write_file", "write_file\write_file.vcxproj", "{224E2CFD-83C2-496F-B7AF-E23083ACD218}"
EndProject
Project("{8BC9CEB8-8B4A-11D0-8D11-00A0C91BC942}") = "create_process", "create_process\create_process.vcxproj", "{EDF925BD-4C6D-476C-AADE-F3E63652023D}"
EndProject
Project("{8BC9CEB8-8B4A-11D0-8D11-00A0C91BC942}") = "using_functions", "using_functions\using_functions.vcxproj", "{8A9D07DC-31CB-4C1E-9D0E-B244D544BB21}"
EndProject
Project("{8BC9CEB8-8B4A-11D0-8D11-00A0C91BC942}") = "inheritance", "inheritance\inheritance.vcxproj", "{025F1033-3EC7-4488-90D4-75341C142F5B}"
EndProject
Project("{8BC9CEB8-8B4A-11D0-8D11-00A0C91BC942}") = "CreateEvent", "CreateEvent\CreateEvent.vcxproj", "{19835A7A-822C-4CA1-ABBE-677B14C81D76}"
EndProject
Project("{8BC9CEB8-8B4A-11D0-8D11-00A0C91BC942}") = "thread_in_suspendedState", "thread_in_suspendedState\thread_in_suspendedState.vcxproj", "{6E3EF2E9-5A29-439E-9939-3959F7C5E475}"
EndProject
Project("{8BC9CEB8-8B4A-11D0-8D11-00A0C91BC942}") = "Create_Thread", "Create_Thread\Create_Thread.vcxproj", "{DC9D8178-2595-40D0-81C3-09036AF92C38}"
EndProject
Project("{8BC9CEB8-8B4A-11D0-8D11-00A0C91BC942}") = "program_01", "program_01\program_01.vcxproj", "{F723C735-019E-40CA-B9C5-004A6646CF53}"
EndProject
Project("{8BC9CEB8-8B4A-11D0-8D11-00A0C91BC942}") = "process_program", "process_program\process_program.vcxproj", "{A014B1E5-6339-4FC8-95AB-54B7AC9203ED}"
EndProject
Global
	GlobalSection(SolutionConfigurationPlatforms) = preSolution
		Debug|x64 = Debug|x64
		Debug|x86 = Debug|x86
		Release|x64 = Release|x64
		Release|x86 = Release|x86
	EndGlobalSection
	GlobalSection(ProjectConfigurationPlatforms) = postSolution
		{D4DC44DF-D2CD-4CCF-98E4-83BA0C7CD07B}.Debug|x64.ActiveCfg = Debug|x64
		{D4DC44DF-D2CD-4CCF-98E4-83BA0C7CD07B}.Debug|x64.Build.0 = Debug|x64
		{D4DC44DF-D2CD-4CCF-98E4-83BA0C7CD07B}.Debug|x86.ActiveCfg = Debug|Win32
		{D4DC44DF-D2CD-4CCF-98E4-83BA0C7CD07B}.Debug|x86.Build.0 = Debug|Win32
		{D4DC44DF-D2CD-4CCF-98E4-83BA0C7CD07B}.Release|x64.ActiveCfg = Release|x64
		{D4DC44DF-D2CD-4CCF-98E4-83BA0C7CD07B}.Release|x64.Build.0 = Release|x64
		{D4DC44DF-D2CD-4CCF-98E4-83BA0C7CD07B}.Release|x86.ActiveCfg = Release|Win32
		{D4DC44DF-D2CD-4CCF-98E4-83BA0C7CD07B}.Release|x86.Build.0 = Release|Win32
		{075BC2E2-3698-491F-957A-44EEED49BD11}.Debug|x64.ActiveCfg = Debug|x64
		{075BC2E2-3698-491F-957A-44EEED49BD11}.Debug|x64.Build.0 = Debug|x64
		{075BC2E2-3698-491F-957A-44EEED49BD11}.Debug|x86.ActiveCfg = Debug|Win32
		{075BC2E2-3698-491F-957A-44EEED49BD11}.Debug|x86.Build.0 = Debug|Win32
		{075BC2E2-3698-491F-957A-44EEED49BD11}.Release|x64.ActiveCfg = Release|x64
		{075BC2E2-3698-491F-957A-44EEED49BD11}.Release|x64.Build.0 = Release|x64
		{075BC2E2-3698-491F-957A-44EEED49BD11}.Release|x86.ActiveCfg = Release|Win32
		{075BC2E2-3698-491F-957A-44EEED49BD11}.Release|x86.Build.0 = Release|Win32
		{66F46A8D-B0DC-444B-BBDE-BFFE25EC159B}.Debug|x64.ActiveCfg = Debug|x64
		{66F46A8D-B0DC-444B-BBDE-BFFE25EC159B}.Debug|x64.Build.0 = Debug|x64
		{66F46A8D-B0DC-444B-BBDE-BFFE25EC159B}.Debug|x86.ActiveCfg = Debug|Win32
		{66F46A8D-B0DC-444B-BBDE-BFFE25EC159B}.Debug|x86.Build.0 = Debug|Win32
		{66F46A8D-B0DC-444B-BBDE-BFFE25EC159B}.Release|x64.ActiveCfg = Release|x64
		{66F46A8D-B0DC-444B-BBDE-BFFE25EC159B}.Release|x64.Build.0 = Release|x64
		{66F46A8D-B0DC-444B-BBDE-BFFE25EC159B}.Release|x86.ActiveCfg = Release|Win32
		{66F46A8D-B0DC-444B-BBDE-BFFE25EC159B}.Release|x86.Build.0 = Release|Win32
		{2559E74C-491C-40C2-AD73-0418FA5649D8}.Debug|x64.ActiveCfg = Debug|x64
		{2559E74C-491C-40C2-AD73-0418FA5649D8}.Debug|x64.Build.0 = Debug|x64
		{2559E74C-491C-40C2-AD73-0418FA5649D8}.Debug|x86.ActiveCfg = Debug|Win32
		{2559E74C-491C-40C2-AD73-0418FA5649D8}.Debug|x86.Build.0 = Debug|Win32
		{2559E74C-491C-40C2-AD73-0418FA5649D8}.Release|x64.ActiveCfg = Release|x64
		{2559E74C-491C-40C2-AD73-0418FA5649D8}.Release|x64.Build.0 = Release|x64
		{2559E74C-491C-40C2-AD73-0418FA5649D8}.Release|x86.ActiveCfg = Release|Win32
		{2559E74C-491C-40C2-AD73-0418FA5649D8}.Release|x86.Build.0 = Release|Win32
		{224E2CFD-83C2-496F-B7AF-E23083ACD218}.Debug|x64.ActiveCfg = Debug|x64
		{224E2CFD-83C2-496F-B7AF-E23083ACD218}.Debug|x64.Build.0 = Debug|x64
		{224E2CFD-83C2-496F-B7AF-E23083ACD218}.Debug|x86.ActiveCfg = Debug|Win32
		{224E2CFD-83C2-496F-B7AF-E23083ACD218}.Debug|x86.Build.0 = Debug|Win32
		{224E2CFD-83C2-496F-B7AF-E23083ACD218}.Release|x64.ActiveCfg = Release|x64
		{224E2CFD-83C2-496F-B7AF-E23083ACD218}.Release|x64.Build.0 = Release|x64
		{224E2CFD-83C2-496F-B7AF-E23083ACD218}.Release|x86.ActiveCfg = Release|Win32
		{224E2CFD-83C2-496F-B7AF-E23083ACD218}.Release|x86.Build.0 = Release|Win32
		{EDF925BD-4C6D-476C-AADE-F3E63652023D}.Debug|x64.ActiveCfg = Debug|x64
		{EDF925BD-4C6D-476C-AADE-F3E63652023D}.Debug|x64.Build.0 = Debug|x64
		{EDF925BD-4C6D-476C-AADE-F3E63652023D}.Debug|x86.ActiveCfg = Debug|Win32
		{EDF925BD-4C6D-476C-AADE-F3E63652023D}.Debug|x86.Build.0 = Debug|Win32
		{EDF925BD-4C6D-476C-AADE-F3E63652023D}.Release|x64.ActiveCfg = Release|x64
		{EDF925BD-4C6D-476C-AADE-F3E63652023D}.Release|x64.Build.0 = Release|x64
		{EDF925BD-4C6D-476C-AADE-F3E63652023D}.Release|x86.ActiveCfg = Release|Win32
		{EDF925BD-4C6D-476C-AADE-F3E63652023D}.Release|x86.Build.0 = Release|Win32
		{8A9D07DC-31CB-4C1E-9D0E-B244D544BB21}.Debug|x64.ActiveCfg = Debug|x64
		{8A9D07DC-31CB-4C1E-9D0E-B244D544BB21}.Debug|x64.Build.0 = Debug|x64
		{8A9D07DC-31CB-4C1E-9D0E-B244D544BB21}.Debug|x86.ActiveCfg = Debug|Win32
		{8A9D07DC-31CB-4C1E-9D0E-B244D544BB21}.Debug|x86.Build.0 = Debug|Win32
		{8A9D07DC-31CB-4C1E-9D0E-B244D544BB21}.Release|x64.ActiveCfg = Release|x64
		{8A9D07DC-31CB-4C1E-9D0E-B244D544BB21}.Release|x64.Build.0 = Release|x64
		{8A9D07DC-31CB-4C1E-9D0E-B244D544BB21}.Release|x86.ActiveCfg = Release|Win32
		{8A9D07DC-31CB-4C1E-9D0E-B244D544BB21}.Release|x86.Build.0 = Release|Win32
		{025F1033-3EC7-4488-90D4-75341C142F5B}.Debug|x64.ActiveCfg = Debug|x64
		{025F1033-3EC7-4488-90D4-75341C142F5B}.Debug|x64.Build.0 = Debug|x64
		{025F1033-3EC7-4488-90D4-75341C142F5B}.Debug|x86.ActiveCfg = Debug|Win32
		{025F1033-3EC7-4488-90D4-75341C142F5B}.Debug|x86.Build.0 = Debug|Win32
		{025F1033-3EC7-4488-90D4-75341C142F5B}.Release|x64.ActiveCfg = Release|x64
		{025F1033-3EC7-4488-90D4-75341C142F5B}.Release|x64.Build.0 = Release|x64
		{025F1033-3EC7-4488-90D4-75341C142F5B}.Release|x86.ActiveCfg = Release|Win32
		{025F1033-3EC7-4488-90D4-75341C142F5B}.Release|x86.Build.0 = Release|Win32
		{19835A7A-822C-4CA1-ABBE-677B14C81D76}.Debug|x64.ActiveCfg = Debug|x64
		{19835A7A-822C-4CA1-ABBE-677B14C81D76}.Debug|x64.Build.0 = Debug|x64
		{19835A7A-822C-4CA1-ABBE-677B14C81D76}.Debug|x86.ActiveCfg = Debug|Win32
		{19835A7A-822C-4CA1-ABBE-677B14C81D76}.Debug|x86.Build.0 = Debug|Win32
		{19835A7A-822C-4CA1-ABBE-677B14C81D76}.Release|x64.ActiveCfg = Release|x64
		{19835A7A-822C-4CA1-ABBE-677B14C81D76}.Release|x64.Build.0 = Release|x64
		{19835A7A-822C-4CA1-ABBE-677B14C81D76}.Release|x86.ActiveCfg = Release|Win32
		{19835A7A-822C-4CA1-ABBE-677B14C81D76}.Release|x86.Build.0 = Release|Win32
		{6E3EF2E9-5A29-439E-9939-3959F7C5E475}.Debug|x64.ActiveCfg = Debug|x64
		{6E3EF2E9-5A29-439E-9939-3959F7C5E475}.Debug|x64.Build.0 = Debug|x64
		{6E3EF2E9-5A29-439E-9939-3959F7C5E475}.Debug|x86.ActiveCfg = Debug|Win32
		{6E3EF2E9-5A29-439E-9939-3959F7C5E475}.Debug|x86.Build.0 = Debug|Win32
		{6E3EF2E9-5A29-439E-9939-3959F7C5E475}.Release|x64.ActiveCfg = Release|x64
		{6E3EF2E9-5A29-439E-9939-3959F7C5E475}.Release|x64.Build.0 = Release|x64
		{6E3EF2E9-5A29-439E-9939-3959F7C5E475}.Release|x86.ActiveCfg = Release|Win32
		{6E3EF2E9-5A29-439E-9939-3959F7C5E475}.Release|x86.Build.0 = Release|Win32
		{DC9D8178-2595-40D0-81C3-09036AF92C38}.Debug|x64.ActiveCfg = Debug|x64
		{DC9D8178-2595-40D0-81C3-09036AF92C38}.Debug|x64.Build.0 = Debug|x64
		{DC9D8178-2595-40D0-81C3-09036AF92C38}.Debug|x86.ActiveCfg = Debug|Win32
		{DC9D8178-2595-40D0-81C3-09036AF92C38}.Debug|x86.Build.0 = Debug|Win32
		{DC9D8178-2595-40D0-81C3-09036AF92C38}.Release|x64.ActiveCfg = Release|x64
		{DC9D8178-2595-40D0-81C3-09036AF92C38}.Release|x64.Build.0 = Release|x64
		{DC9D8178-2595-40D0-81C3-09036AF92C38}.Release|x86.ActiveCfg = Release|Win32
		{DC9D8178-2595-40D0-81C3-09036AF92C38}.Release|x86.Build.0 = Release|Win32
		{F723C735-019E-40CA-B9C5-004A6646CF53}.Debug|x64.ActiveCfg = Debug|x64
		{F723C735-019E-40CA-B9C5-004A6646CF53}.Debug|x64.Build.0 = Debug|x64
		{F723C735-019E-40CA-B9C5-004A6646CF53}.Debug|x86.ActiveCfg = Debug|Win32
		{F723C735-019E-40CA-B9C5-004A6646CF53}.Debug|x86.Build.0 = Debug|Win32
		{F723C735-019E-40CA-B9C5-004A6646CF53}.Release|x64.ActiveCfg = Release|x64
		{F723C735-019E-40CA-B9C5-004A6646CF53}.Release|x64.Build.0 = Release|x64
		{F723C735-019E-40CA-B9C5-004A6646CF53}.Release|x86.ActiveCfg = Release|Win32
		{F723C735-019E-40CA-B9C5-004A6646CF53}.Release|x86.Build.0 = Release|Win32
		{A014B1E5-6339-4FC8-95AB-54B7AC9203ED}.Debug|x64.ActiveCfg = Debug|x64
		{A014B1E5-6339-4FC8-95AB-54B7AC9203ED}.Debug|x64.Build.0 = Debug|x64
		{A014B1E5-6339-4FC8-95AB-54B7AC9203ED}.Debug|x86.ActiveCfg = Debug|Win32
		{A014B1E5-6339-4FC8-95AB-54B7AC9203ED}.Debug|x86.Build.0 = Debug|Win32
		{A014B1E5-6339-4FC8-95AB-54B7AC9203ED}.Release|x64.ActiveCfg = Release|x64
		{A014B1E5-6339-4FC8-95AB-54B7AC9203ED}.Release|x64.Build.0 = Release|x64
		{A014B1E5-6339-4FC8-95AB-54B7AC9203ED}.Release|x86.ActiveCfg = Release|Win32
		{A014B1E5-6339-4FC8-95AB-54B7AC9203ED}.Release|x86.Build.0 = Release|Win32
	EndGlobalSection
	GlobalSection(SolutionProperties) = preSolution
		HideSolutionNode = FALSE
	EndGlobalSection
EndGlobal
